Microsoft Visual Studio Solution File, Format Version 12.00
# Visual Studio 2013
VisualStudioVersion = 12.0.30723.0
MinimumVisualStudioVersion = 10.0.40219.1
Project("{2150E333-8FDC-42A3-9474-1A3956D46DE8}") = "Common", "Common", "{06FDB13A-E163-49EE-AC60-4EF4085DADC5}"
	ProjectSection(SolutionItems) = preProject
		Common\BaseAppDomainIsolatedTask.cs = Common\BaseAppDomainIsolatedTask.cs
		Common\BaseTask.cs = Common\BaseTask.cs
		Common\MSBuild.ExtensionPack.ruleset = Common\MSBuild.ExtensionPack.ruleset
		Common\MSBuild.ExtensionPack.tasks = Common\MSBuild.ExtensionPack.tasks
		SetEnv.cmd = SetEnv.cmd
		Settings.StyleCop = Settings.StyleCop
		SkipDelaySignVerification.cmd = SkipDelaySignVerification.cmd
		Common\StringExtension.cs = Common\StringExtension.cs
	EndProjectSection
EndProject
Project("{2150E333-8FDC-42A3-9474-1A3956D46DE8}") = "UnitTests", "UnitTests", "{5909040A-8319-49A2-858B-BD3A1A9EE7B0}"
	ProjectSection(SolutionItems) = preProject
		UnitTests\MockBuildEngine.cs = UnitTests\MockBuildEngine.cs
	EndProjectSection
EndProject
Project("{FAE04EC0-301F-11D3-BF4B-00C04F79EFBC}") = "BizTalk", "BizTalk\BizTalk.csproj", "{E6255821-7BC4-4617-AC16-A620A51C9962}"
EndProject
Project("{FAE04EC0-301F-11D3-BF4B-00C04F79EFBC}") = "StyleCop", "StyleCop\StyleCop.csproj", "{D4DCD3D6-AE24-403E-AF10-07DF01CE436A}"
EndProject
Project("{FAE04EC0-301F-11D3-BF4B-00C04F79EFBC}") = "Sql2008", "Sql2008\Sql2008.csproj", "{FB484536-C3A1-4DA1-8464-C2A5E92A6333}"
EndProject
Project("{FAE04EC0-301F-11D3-BF4B-00C04F79EFBC}") = "Framework", "Framework\Framework.csproj", "{1C780E39-26D5-4E6F-9533-91D867C1136C}"
EndProject
Project("{FAE04EC0-301F-11D3-BF4B-00C04F79EFBC}") = "IIS7", "IIS7\IIS7.csproj", "{A2B689B5-516B-4E6F-87D6-0EE111E0F049}"
EndProject
Project("{2150E333-8FDC-42A3-9474-1A3956D46DE8}") = "TaskFactories", "TaskFactories", "{147B0947-7CB4-4F4C-BCB3-57CE32115453}"
EndProject
Project("{FAE04EC0-301F-11D3-BF4B-00C04F79EFBC}") = "PowershellTaskFactory", "TaskFactories\PowershellTaskFactory\PowershellTaskFactory.csproj", "{5F67BB68-03E1-4666-971E-821951885E9F}"
EndProject
Project("{2150E333-8FDC-42A3-9474-1A3956D46DE8}") = "Tasks", "Tasks", "{7DF43C7D-A243-4289-9C81-00A70119CAB1}"
EndProject
Project("{2150E333-8FDC-42A3-9474-1A3956D46DE8}") = "Loggers", "Loggers", "{A3842673-8A5B-4EA7-972F-7A723BF24450}"
EndProject
Project("{FAE04EC0-301F-11D3-BF4B-00C04F79EFBC}") = "DlrTaskFactory", "TaskFactories\DlrTaskFactory\DlrTaskFactory.csproj", "{9C416E27-110F-460A-B088-84735F430078}"
EndProject
Project("{FAE04EC0-301F-11D3-BF4B-00C04F79EFBC}") = "Framework", "Loggers\Framework\Framework.csproj", "{245D5E04-D203-42F9-B6EB-09B7FE0DBF15}"
EndProject
Project("{FAE04EC0-301F-11D3-BF4B-00C04F79EFBC}") = "Sql2012", "Sql2012\Sql2012.csproj", "{EF7CFB81-6C51-4F8E-A880-6CD1B2C19267}"
EndProject
Project("{FAE04EC0-301F-11D3-BF4B-00C04F79EFBC}") = "TFS2012", "TFS2012\TFS2012.csproj", "{9217F575-2D71-4449-8686-1BEE8A998D42}"
EndProject
Project("{FAE04EC0-301F-11D3-BF4B-00C04F79EFBC}") = "FrameworkUnitTests", "UnitTests\FrameworkUnitTests\FrameworkUnitTests.csproj", "{095E4A10-7EA0-4A1F-BB4C-2955FB743BC2}"
EndProject
Project("{FAE04EC0-301F-11D3-BF4B-00C04F79EFBC}") = "Git", "Git\Git.csproj", "{AC756407-70FB-4C37-A2FE-9CCC4DE02ACA}"
EndProject
Project("{FAE04EC0-301F-11D3-BF4B-00C04F79EFBC}") = "GitUnitTests", "UnitTests\GitUnitTests\GitUnitTests.csproj", "{E0A15095-F4C7-4227-B4B3-0A0740E709F1}"
EndProject
Project("{FAE04EC0-301F-11D3-BF4B-00C04F79EFBC}") = "Sql2014", "Sql2014\Sql2014.csproj", "{2749A001-87EF-4757-B5B4-AA3232BB23CD}"
EndProject
Project("{FAE04EC0-301F-11D3-BF4B-00C04F79EFBC}") = "TFS2013", "TFS2013\TFS2013.csproj", "{B7B102A3-0B65-49D0-BEC2-69586733F37A}"
EndProject
Project("{FAE04EC0-301F-11D3-BF4B-00C04F79EFBC}") = "Crm", "Crm\Crm.csproj", "{18C638DB-47F2-4188-A654-4DADCDF17B4D}"
EndProject
Global
	GlobalSection(SolutionConfigurationPlatforms) = preSolution
		Debug|Any CPU = Debug|Any CPU
		Debug|Mixed Platforms = Debug|Mixed Platforms
		Debug|No Unit Tests = Debug|No Unit Tests
		Debug|UnitTest = Debug|UnitTest
		Debug|x64 = Debug|x64
		Debug|x86 = Debug|x86
		Release|Any CPU = Release|Any CPU
		Release|Mixed Platforms = Release|Mixed Platforms
		Release|No Unit Tests = Release|No Unit Tests
		Release|UnitTest = Release|UnitTest
		Release|x64 = Release|x64
		Release|x86 = Release|x86
	EndGlobalSection
	GlobalSection(ProjectConfigurationPlatforms) = postSolution
		{E6255821-7BC4-4617-AC16-A620A51C9962}.Debug|Any CPU.ActiveCfg = Debug|Any CPU
		{E6255821-7BC4-4617-AC16-A620A51C9962}.Debug|Any CPU.Build.0 = Debug|Any CPU
		{E6255821-7BC4-4617-AC16-A620A51C9962}.Debug|Mixed Platforms.ActiveCfg = Debug|Any CPU
		{E6255821-7BC4-4617-AC16-A620A51C9962}.Debug|Mixed Platforms.Build.0 = Debug|Any CPU
		{E6255821-7BC4-4617-AC16-A620A51C9962}.Debug|No Unit Tests.ActiveCfg = Debug|Any CPU
		{E6255821-7BC4-4617-AC16-A620A51C9962}.Debug|No Unit Tests.Build.0 = Debug|Any CPU
		{E6255821-7BC4-4617-AC16-A620A51C9962}.Debug|UnitTest.ActiveCfg = Debug|Any CPU
		{E6255821-7BC4-4617-AC16-A620A51C9962}.Debug|x64.ActiveCfg = Debug|Any CPU
		{E6255821-7BC4-4617-AC16-A620A51C9962}.Debug|x86.ActiveCfg = Debug|Any CPU
		{E6255821-7BC4-4617-AC16-A620A51C9962}.Release|Any CPU.ActiveCfg = Release|Any CPU
		{E6255821-7BC4-4617-AC16-A620A51C9962}.Release|Any CPU.Build.0 = Release|Any CPU
		{E6255821-7BC4-4617-AC16-A620A51C9962}.Release|Mixed Platforms.ActiveCfg = Release|Any CPU
		{E6255821-7BC4-4617-AC16-A620A51C9962}.Release|Mixed Platforms.Build.0 = Release|Any CPU
		{E6255821-7BC4-4617-AC16-A620A51C9962}.Release|No Unit Tests.ActiveCfg = Release|Any CPU
		{E6255821-7BC4-4617-AC16-A620A51C9962}.Release|No Unit Tests.Build.0 = Release|Any CPU
		{E6255821-7BC4-4617-AC16-A620A51C9962}.Release|UnitTest.ActiveCfg = Release|Any CPU
		{E6255821-7BC4-4617-AC16-A620A51C9962}.Release|UnitTest.Build.0 = Release|Any CPU
		{E6255821-7BC4-4617-AC16-A620A51C9962}.Release|x64.ActiveCfg = Release|Any CPU
		{E6255821-7BC4-4617-AC16-A620A51C9962}.Release|x86.ActiveCfg = Release|Any CPU
		{D4DCD3D6-AE24-403E-AF10-07DF01CE436A}.Debug|Any CPU.ActiveCfg = Debug|Any CPU
		{D4DCD3D6-AE24-403E-AF10-07DF01CE436A}.Debug|Any CPU.Build.0 = Debug|Any CPU
		{D4DCD3D6-AE24-403E-AF10-07DF01CE436A}.Debug|Mixed Platforms.ActiveCfg = Debug|Any CPU
		{D4DCD3D6-AE24-403E-AF10-07DF01CE436A}.Debug|Mixed Platforms.Build.0 = Debug|Any CPU
		{D4DCD3D6-AE24-403E-AF10-07DF01CE436A}.Debug|No Unit Tests.ActiveCfg = Debug|Any CPU
		{D4DCD3D6-AE24-403E-AF10-07DF01CE436A}.Debug|No Unit Tests.Build.0 = Debug|Any CPU
		{D4DCD3D6-AE24-403E-AF10-07DF01CE436A}.Debug|UnitTest.ActiveCfg = Debug|Any CPU
		{D4DCD3D6-AE24-403E-AF10-07DF01CE436A}.Debug|x64.ActiveCfg = Debug|Any CPU
		{D4DCD3D6-AE24-403E-AF10-07DF01CE436A}.Debug|x86.ActiveCfg = Debug|Any CPU
		{D4DCD3D6-AE24-403E-AF10-07DF01CE436A}.Release|Any CPU.ActiveCfg = Release|Any CPU
		{D4DCD3D6-AE24-403E-AF10-07DF01CE436A}.Release|Any CPU.Build.0 = Release|Any CPU
		{D4DCD3D6-AE24-403E-AF10-07DF01CE436A}.Release|Mixed Platforms.ActiveCfg = Release|Any CPU
		{D4DCD3D6-AE24-403E-AF10-07DF01CE436A}.Release|Mixed Platforms.Build.0 = Release|Any CPU
		{D4DCD3D6-AE24-403E-AF10-07DF01CE436A}.Release|No Unit Tests.ActiveCfg = Release|Any CPU
		{D4DCD3D6-AE24-403E-AF10-07DF01CE436A}.Release|No Unit Tests.Build.0 = Release|Any CPU
		{D4DCD3D6-AE24-403E-AF10-07DF01CE436A}.Release|UnitTest.ActiveCfg = Release|Any CPU
		{D4DCD3D6-AE24-403E-AF10-07DF01CE436A}.Release|UnitTest.Build.0 = Release|Any CPU
		{D4DCD3D6-AE24-403E-AF10-07DF01CE436A}.Release|x64.ActiveCfg = Release|Any CPU
		{D4DCD3D6-AE24-403E-AF10-07DF01CE436A}.Release|x86.ActiveCfg = Release|Any CPU
		{FB484536-C3A1-4DA1-8464-C2A5E92A6333}.Debug|Any CPU.ActiveCfg = Debug|Any CPU
		{FB484536-C3A1-4DA1-8464-C2A5E92A6333}.Debug|Any CPU.Build.0 = Debug|Any CPU
		{FB484536-C3A1-4DA1-8464-C2A5E92A6333}.Debug|Mixed Platforms.ActiveCfg = Debug|Any CPU
		{FB484536-C3A1-4DA1-8464-C2A5E92A6333}.Debug|Mixed Platforms.Build.0 = Debug|Any CPU
		{FB484536-C3A1-4DA1-8464-C2A5E92A6333}.Debug|No Unit Tests.ActiveCfg = Debug|Any CPU
		{FB484536-C3A1-4DA1-8464-C2A5E92A6333}.Debug|No Unit Tests.Build.0 = Debug|Any CPU
		{FB484536-C3A1-4DA1-8464-C2A5E92A6333}.Debug|UnitTest.ActiveCfg = Debug|Any CPU
		{FB484536-C3A1-4DA1-8464-C2A5E92A6333}.Debug|x64.ActiveCfg = Debug|Any CPU
		{FB484536-C3A1-4DA1-8464-C2A5E92A6333}.Debug|x86.ActiveCfg = Debug|Any CPU
		{FB484536-C3A1-4DA1-8464-C2A5E92A6333}.Release|Any CPU.ActiveCfg = Release|Any CPU
		{FB484536-C3A1-4DA1-8464-C2A5E92A6333}.Release|Any CPU.Build.0 = Release|Any CPU
		{FB484536-C3A1-4DA1-8464-C2A5E92A6333}.Release|Mixed Platforms.ActiveCfg = Release|Any CPU
		{FB484536-C3A1-4DA1-8464-C2A5E92A6333}.Release|Mixed Platforms.Build.0 = Release|Any CPU
		{FB484536-C3A1-4DA1-8464-C2A5E92A6333}.Release|No Unit Tests.ActiveCfg = Release|Any CPU
		{FB484536-C3A1-4DA1-8464-C2A5E92A6333}.Release|No Unit Tests.Build.0 = Release|Any CPU
		{FB484536-C3A1-4DA1-8464-C2A5E92A6333}.Release|UnitTest.ActiveCfg = Release|Any CPU
		{FB484536-C3A1-4DA1-8464-C2A5E92A6333}.Release|UnitTest.Build.0 = Release|Any CPU
		{FB484536-C3A1-4DA1-8464-C2A5E92A6333}.Release|x64.ActiveCfg = Release|Any CPU
		{FB484536-C3A1-4DA1-8464-C2A5E92A6333}.Release|x86.ActiveCfg = Release|Any CPU
		{1C780E39-26D5-4E6F-9533-91D867C1136C}.Debug|Any CPU.ActiveCfg = Debug|Any CPU
		{1C780E39-26D5-4E6F-9533-91D867C1136C}.Debug|Any CPU.Build.0 = Debug|Any CPU
		{1C780E39-26D5-4E6F-9533-91D867C1136C}.Debug|Mixed Platforms.ActiveCfg = Debug|Any CPU
		{1C780E39-26D5-4E6F-9533-91D867C1136C}.Debug|Mixed Platforms.Build.0 = Debug|Any CPU
		{1C780E39-26D5-4E6F-9533-91D867C1136C}.Debug|No Unit Tests.ActiveCfg = Debug|Any CPU
		{1C780E39-26D5-4E6F-9533-91D867C1136C}.Debug|No Unit Tests.Build.0 = Debug|Any CPU
		{1C780E39-26D5-4E6F-9533-91D867C1136C}.Debug|UnitTest.ActiveCfg = Debug|Any CPU
		{1C780E39-26D5-4E6F-9533-91D867C1136C}.Debug|x64.ActiveCfg = Debug|Any CPU
		{1C780E39-26D5-4E6F-9533-91D867C1136C}.Debug|x86.ActiveCfg = Debug|Any CPU
		{1C780E39-26D5-4E6F-9533-91D867C1136C}.Release|Any CPU.ActiveCfg = Release|Any CPU
		{1C780E39-26D5-4E6F-9533-91D867C1136C}.Release|Any CPU.Build.0 = Release|Any CPU
		{1C780E39-26D5-4E6F-9533-91D867C1136C}.Release|Mixed Platforms.ActiveCfg = Release|Any CPU
		{1C780E39-26D5-4E6F-9533-91D867C1136C}.Release|Mixed Platforms.Build.0 = Release|Any CPU
		{1C780E39-26D5-4E6F-9533-91D867C1136C}.Release|No Unit Tests.ActiveCfg = Release|Any CPU
		{1C780E39-26D5-4E6F-9533-91D867C1136C}.Release|No Unit Tests.Build.0 = Release|Any CPU
		{1C780E39-26D5-4E6F-9533-91D867C1136C}.Release|UnitTest.ActiveCfg = Release|Any CPU
		{1C780E39-26D5-4E6F-9533-91D867C1136C}.Release|UnitTest.Build.0 = Release|Any CPU
		{1C780E39-26D5-4E6F-9533-91D867C1136C}.Release|x64.ActiveCfg = Release|Any CPU
		{1C780E39-26D5-4E6F-9533-91D867C1136C}.Release|x86.ActiveCfg = Release|Any CPU
		{A2B689B5-516B-4E6F-87D6-0EE111E0F049}.Debug|Any CPU.ActiveCfg = Debug|Any CPU
		{A2B689B5-516B-4E6F-87D6-0EE111E0F049}.Debug|Any CPU.Build.0 = Debug|Any CPU
		{A2B689B5-516B-4E6F-87D6-0EE111E0F049}.Debug|Mixed Platforms.ActiveCfg = Debug|Any CPU
		{A2B689B5-516B-4E6F-87D6-0EE111E0F049}.Debug|Mixed Platforms.Build.0 = Debug|Any CPU
		{A2B689B5-516B-4E6F-87D6-0EE111E0F049}.Debug|No Unit Tests.ActiveCfg = Debug|Any CPU
		{A2B689B5-516B-4E6F-87D6-0EE111E0F049}.Debug|No Unit Tests.Build.0 = Debug|Any CPU
		{A2B689B5-516B-4E6F-87D6-0EE111E0F049}.Debug|UnitTest.ActiveCfg = Debug|Any CPU
		{A2B689B5-516B-4E6F-87D6-0EE111E0F049}.Debug|x64.ActiveCfg = Debug|Any CPU
		{A2B689B5-516B-4E6F-87D6-0EE111E0F049}.Debug|x86.ActiveCfg = Debug|Any CPU
		{A2B689B5-516B-4E6F-87D6-0EE111E0F049}.Release|Any CPU.ActiveCfg = Release|Any CPU
		{A2B689B5-516B-4E6F-87D6-0EE111E0F049}.Release|Any CPU.Build.0 = Release|Any CPU
		{A2B689B5-516B-4E6F-87D6-0EE111E0F049}.Release|Mixed Platforms.ActiveCfg = Release|Any CPU
		{A2B689B5-516B-4E6F-87D6-0EE111E0F049}.Release|Mixed Platforms.Build.0 = Release|Any CPU
		{A2B689B5-516B-4E6F-87D6-0EE111E0F049}.Release|No Unit Tests.ActiveCfg = Release|Any CPU
		{A2B689B5-516B-4E6F-87D6-0EE111E0F049}.Release|No Unit Tests.Build.0 = Release|Any CPU
		{A2B689B5-516B-4E6F-87D6-0EE111E0F049}.Release|UnitTest.ActiveCfg = Release|Any CPU
		{A2B689B5-516B-4E6F-87D6-0EE111E0F049}.Release|UnitTest.Build.0 = Release|Any CPU
		{A2B689B5-516B-4E6F-87D6-0EE111E0F049}.Release|x64.ActiveCfg = Release|Any CPU
		{A2B689B5-516B-4E6F-87D6-0EE111E0F049}.Release|x86.ActiveCfg = Release|Any CPU
		{5F67BB68-03E1-4666-971E-821951885E9F}.Debug|Any CPU.ActiveCfg = Debug|Any CPU
		{5F67BB68-03E1-4666-971E-821951885E9F}.Debug|Any CPU.Build.0 = Debug|Any CPU
		{5F67BB68-03E1-4666-971E-821951885E9F}.Debug|Mixed Platforms.ActiveCfg = Debug|Any CPU
		{5F67BB68-03E1-4666-971E-821951885E9F}.Debug|Mixed Platforms.Build.0 = Debug|Any CPU
		{5F67BB68-03E1-4666-971E-821951885E9F}.Debug|No Unit Tests.ActiveCfg = Debug|Any CPU
		{5F67BB68-03E1-4666-971E-821951885E9F}.Debug|No Unit Tests.Build.0 = Debug|Any CPU
		{5F67BB68-03E1-4666-971E-821951885E9F}.Debug|UnitTest.ActiveCfg = Debug|Any CPU
		{5F67BB68-03E1-4666-971E-821951885E9F}.Debug|x64.ActiveCfg = Debug|Any CPU
		{5F67BB68-03E1-4666-971E-821951885E9F}.Debug|x86.ActiveCfg = Debug|Any CPU
		{5F67BB68-03E1-4666-971E-821951885E9F}.Release|Any CPU.ActiveCfg = Release|Any CPU
		{5F67BB68-03E1-4666-971E-821951885E9F}.Release|Any CPU.Build.0 = Release|Any CPU
		{5F67BB68-03E1-4666-971E-821951885E9F}.Release|Mixed Platforms.ActiveCfg = Release|Any CPU
		{5F67BB68-03E1-4666-971E-821951885E9F}.Release|Mixed Platforms.Build.0 = Release|Any CPU
		{5F67BB68-03E1-4666-971E-821951885E9F}.Release|No Unit Tests.ActiveCfg = Release|Any CPU
		{5F67BB68-03E1-4666-971E-821951885E9F}.Release|No Unit Tests.Build.0 = Release|Any CPU
		{5F67BB68-03E1-4666-971E-821951885E9F}.Release|UnitTest.ActiveCfg = Release|Any CPU
		{5F67BB68-03E1-4666-971E-821951885E9F}.Release|UnitTest.Build.0 = Release|Any CPU
		{5F67BB68-03E1-4666-971E-821951885E9F}.Release|x64.ActiveCfg = Release|Any CPU
		{5F67BB68-03E1-4666-971E-821951885E9F}.Release|x86.ActiveCfg = Release|Any CPU
		{9C416E27-110F-460A-B088-84735F430078}.Debug|Any CPU.ActiveCfg = Debug|Any CPU
		{9C416E27-110F-460A-B088-84735F430078}.Debug|Any CPU.Build.0 = Debug|Any CPU
		{9C416E27-110F-460A-B088-84735F430078}.Debug|Mixed Platforms.ActiveCfg = Debug|Any CPU
		{9C416E27-110F-460A-B088-84735F430078}.Debug|Mixed Platforms.Build.0 = Debug|Any CPU
		{9C416E27-110F-460A-B088-84735F430078}.Debug|No Unit Tests.ActiveCfg = Debug|Any CPU
		{9C416E27-110F-460A-B088-84735F430078}.Debug|No Unit Tests.Build.0 = Debug|Any CPU
		{9C416E27-110F-460A-B088-84735F430078}.Debug|UnitTest.ActiveCfg = Debug|Any CPU
		{9C416E27-110F-460A-B088-84735F430078}.Debug|x64.ActiveCfg = Debug|Any CPU
		{9C416E27-110F-460A-B088-84735F430078}.Debug|x86.ActiveCfg = Debug|Any CPU
		{9C416E27-110F-460A-B088-84735F430078}.Release|Any CPU.ActiveCfg = Release|Any CPU
		{9C416E27-110F-460A-B088-84735F430078}.Release|Any CPU.Build.0 = Release|Any CPU
		{9C416E27-110F-460A-B088-84735F430078}.Release|Mixed Platforms.ActiveCfg = Release|Any CPU
		{9C416E27-110F-460A-B088-84735F430078}.Release|Mixed Platforms.Build.0 = Release|Any CPU
		{9C416E27-110F-460A-B088-84735F430078}.Release|No Unit Tests.ActiveCfg = Release|Any CPU
		{9C416E27-110F-460A-B088-84735F430078}.Release|No Unit Tests.Build.0 = Release|Any CPU
		{9C416E27-110F-460A-B088-84735F430078}.Release|UnitTest.ActiveCfg = Release|Any CPU
		{9C416E27-110F-460A-B088-84735F430078}.Release|UnitTest.Build.0 = Release|Any CPU
		{9C416E27-110F-460A-B088-84735F430078}.Release|x64.ActiveCfg = Release|Any CPU
		{9C416E27-110F-460A-B088-84735F430078}.Release|x86.ActiveCfg = Release|Any CPU
		{245D5E04-D203-42F9-B6EB-09B7FE0DBF15}.Debug|Any CPU.ActiveCfg = Debug|Any CPU
		{245D5E04-D203-42F9-B6EB-09B7FE0DBF15}.Debug|Any CPU.Build.0 = Debug|Any CPU
		{245D5E04-D203-42F9-B6EB-09B7FE0DBF15}.Debug|Mixed Platforms.ActiveCfg = Debug|Any CPU
		{245D5E04-D203-42F9-B6EB-09B7FE0DBF15}.Debug|Mixed Platforms.Build.0 = Debug|Any CPU
		{245D5E04-D203-42F9-B6EB-09B7FE0DBF15}.Debug|No Unit Tests.ActiveCfg = Debug|Any CPU
		{245D5E04-D203-42F9-B6EB-09B7FE0DBF15}.Debug|No Unit Tests.Build.0 = Debug|Any CPU
		{245D5E04-D203-42F9-B6EB-09B7FE0DBF15}.Debug|UnitTest.ActiveCfg = Debug|Any CPU
		{245D5E04-D203-42F9-B6EB-09B7FE0DBF15}.Debug|x64.ActiveCfg = Debug|Any CPU
		{245D5E04-D203-42F9-B6EB-09B7FE0DBF15}.Debug|x86.ActiveCfg = Debug|Any CPU
		{245D5E04-D203-42F9-B6EB-09B7FE0DBF15}.Release|Any CPU.ActiveCfg = Release|Any CPU
		{245D5E04-D203-42F9-B6EB-09B7FE0DBF15}.Release|Any CPU.Build.0 = Release|Any CPU
		{245D5E04-D203-42F9-B6EB-09B7FE0DBF15}.Release|Mixed Platforms.ActiveCfg = Release|Any CPU
		{245D5E04-D203-42F9-B6EB-09B7FE0DBF15}.Release|Mixed Platforms.Build.0 = Release|Any CPU
		{245D5E04-D203-42F9-B6EB-09B7FE0DBF15}.Release|No Unit Tests.ActiveCfg = Release|Any CPU
		{245D5E04-D203-42F9-B6EB-09B7FE0DBF15}.Release|No Unit Tests.Build.0 = Release|Any CPU
		{245D5E04-D203-42F9-B6EB-09B7FE0DBF15}.Release|UnitTest.ActiveCfg = Release|Any CPU
		{245D5E04-D203-42F9-B6EB-09B7FE0DBF15}.Release|UnitTest.Build.0 = Release|Any CPU
		{245D5E04-D203-42F9-B6EB-09B7FE0DBF15}.Release|x64.ActiveCfg = Release|Any CPU
		{245D5E04-D203-42F9-B6EB-09B7FE0DBF15}.Release|x86.ActiveCfg = Release|Any CPU
		{EF7CFB81-6C51-4F8E-A880-6CD1B2C19267}.Debug|Any CPU.ActiveCfg = Debug|Any CPU
		{EF7CFB81-6C51-4F8E-A880-6CD1B2C19267}.Debug|Any CPU.Build.0 = Debug|Any CPU
		{EF7CFB81-6C51-4F8E-A880-6CD1B2C19267}.Debug|Mixed Platforms.ActiveCfg = Debug|Any CPU
		{EF7CFB81-6C51-4F8E-A880-6CD1B2C19267}.Debug|Mixed Platforms.Build.0 = Debug|Any CPU
		{EF7CFB81-6C51-4F8E-A880-6CD1B2C19267}.Debug|No Unit Tests.ActiveCfg = Debug|Any CPU
		{EF7CFB81-6C51-4F8E-A880-6CD1B2C19267}.Debug|No Unit Tests.Build.0 = Debug|Any CPU
		{EF7CFB81-6C51-4F8E-A880-6CD1B2C19267}.Debug|UnitTest.ActiveCfg = Debug|Any CPU
		{EF7CFB81-6C51-4F8E-A880-6CD1B2C19267}.Debug|x64.ActiveCfg = Debug|Any CPU
		{EF7CFB81-6C51-4F8E-A880-6CD1B2C19267}.Debug|x86.ActiveCfg = Debug|Any CPU
		{EF7CFB81-6C51-4F8E-A880-6CD1B2C19267}.Release|Any CPU.ActiveCfg = Release|Any CPU
		{EF7CFB81-6C51-4F8E-A880-6CD1B2C19267}.Release|Any CPU.Build.0 = Release|Any CPU
		{EF7CFB81-6C51-4F8E-A880-6CD1B2C19267}.Release|Mixed Platforms.ActiveCfg = Release|Any CPU
		{EF7CFB81-6C51-4F8E-A880-6CD1B2C19267}.Release|Mixed Platforms.Build.0 = Release|Any CPU
		{EF7CFB81-6C51-4F8E-A880-6CD1B2C19267}.Release|No Unit Tests.ActiveCfg = Release|Any CPU
		{EF7CFB81-6C51-4F8E-A880-6CD1B2C19267}.Release|No Unit Tests.Build.0 = Release|Any CPU
		{EF7CFB81-6C51-4F8E-A880-6CD1B2C19267}.Release|UnitTest.ActiveCfg = Release|Any CPU
		{EF7CFB81-6C51-4F8E-A880-6CD1B2C19267}.Release|UnitTest.Build.0 = Release|Any CPU
		{EF7CFB81-6C51-4F8E-A880-6CD1B2C19267}.Release|x64.ActiveCfg = Release|Any CPU
		{EF7CFB81-6C51-4F8E-A880-6CD1B2C19267}.Release|x86.ActiveCfg = Release|Any CPU
		{9217F575-2D71-4449-8686-1BEE8A998D42}.Debug|Any CPU.ActiveCfg = Debug|Any CPU
		{9217F575-2D71-4449-8686-1BEE8A998D42}.Debug|Any CPU.Build.0 = Debug|Any CPU
		{9217F575-2D71-4449-8686-1BEE8A998D42}.Debug|Mixed Platforms.ActiveCfg = Debug|Any CPU
		{9217F575-2D71-4449-8686-1BEE8A998D42}.Debug|Mixed Platforms.Build.0 = Debug|Any CPU
		{9217F575-2D71-4449-8686-1BEE8A998D42}.Debug|No Unit Tests.ActiveCfg = Debug|Any CPU
		{9217F575-2D71-4449-8686-1BEE8A998D42}.Debug|No Unit Tests.Build.0 = Debug|Any CPU
		{9217F575-2D71-4449-8686-1BEE8A998D42}.Debug|UnitTest.ActiveCfg = Debug|Any CPU
		{9217F575-2D71-4449-8686-1BEE8A998D42}.Debug|x64.ActiveCfg = Debug|Any CPU
		{9217F575-2D71-4449-8686-1BEE8A998D42}.Debug|x86.ActiveCfg = Debug|Any CPU
		{9217F575-2D71-4449-8686-1BEE8A998D42}.Release|Any CPU.ActiveCfg = Release|Any CPU
		{9217F575-2D71-4449-8686-1BEE8A998D42}.Release|Any CPU.Build.0 = Release|Any CPU
		{9217F575-2D71-4449-8686-1BEE8A998D42}.Release|Mixed Platforms.ActiveCfg = Release|Any CPU
		{9217F575-2D71-4449-8686-1BEE8A998D42}.Release|Mixed Platforms.Build.0 = Release|Any CPU
		{9217F575-2D71-4449-8686-1BEE8A998D42}.Release|No Unit Tests.ActiveCfg = Release|Any CPU
		{9217F575-2D71-4449-8686-1BEE8A998D42}.Release|No Unit Tests.Build.0 = Release|Any CPU
		{9217F575-2D71-4449-8686-1BEE8A998D42}.Release|UnitTest.ActiveCfg = Release|Any CPU
		{9217F575-2D71-4449-8686-1BEE8A998D42}.Release|UnitTest.Build.0 = Release|Any CPU
		{9217F575-2D71-4449-8686-1BEE8A998D42}.Release|x64.ActiveCfg = Release|Any CPU
		{9217F575-2D71-4449-8686-1BEE8A998D42}.Release|x86.ActiveCfg = Release|Any CPU
		{095E4A10-7EA0-4A1F-BB4C-2955FB743BC2}.Debug|Any CPU.ActiveCfg = Debug|Any CPU
		{095E4A10-7EA0-4A1F-BB4C-2955FB743BC2}.Debug|Any CPU.Build.0 = Debug|Any CPU
		{095E4A10-7EA0-4A1F-BB4C-2955FB743BC2}.Debug|Mixed Platforms.ActiveCfg = Debug|Any CPU
		{095E4A10-7EA0-4A1F-BB4C-2955FB743BC2}.Debug|Mixed Platforms.Build.0 = Debug|Any CPU
		{095E4A10-7EA0-4A1F-BB4C-2955FB743BC2}.Debug|No Unit Tests.ActiveCfg = Debug|Any CPU
		{095E4A10-7EA0-4A1F-BB4C-2955FB743BC2}.Debug|UnitTest.ActiveCfg = Debug|Any CPU
		{095E4A10-7EA0-4A1F-BB4C-2955FB743BC2}.Debug|x64.ActiveCfg = Debug|Any CPU
		{095E4A10-7EA0-4A1F-BB4C-2955FB743BC2}.Debug|x86.ActiveCfg = Debug|Any CPU
		{095E4A10-7EA0-4A1F-BB4C-2955FB743BC2}.Release|Any CPU.ActiveCfg = Release|Any CPU
		{095E4A10-7EA0-4A1F-BB4C-2955FB743BC2}.Release|Mixed Platforms.ActiveCfg = Release|Any CPU
		{095E4A10-7EA0-4A1F-BB4C-2955FB743BC2}.Release|Mixed Platforms.Build.0 = Release|Any CPU
		{095E4A10-7EA0-4A1F-BB4C-2955FB743BC2}.Release|No Unit Tests.ActiveCfg = Release|Any CPU
		{095E4A10-7EA0-4A1F-BB4C-2955FB743BC2}.Release|UnitTest.ActiveCfg = Release|Any CPU
		{095E4A10-7EA0-4A1F-BB4C-2955FB743BC2}.Release|UnitTest.Build.0 = Release|Any CPU
		{095E4A10-7EA0-4A1F-BB4C-2955FB743BC2}.Release|x64.ActiveCfg = Release|Any CPU
		{095E4A10-7EA0-4A1F-BB4C-2955FB743BC2}.Release|x86.ActiveCfg = Release|Any CPU
		{AC756407-70FB-4C37-A2FE-9CCC4DE02ACA}.Debug|Any CPU.ActiveCfg = Debug|Any CPU
		{AC756407-70FB-4C37-A2FE-9CCC4DE02ACA}.Debug|Any CPU.Build.0 = Debug|Any CPU
		{AC756407-70FB-4C37-A2FE-9CCC4DE02ACA}.Debug|Mixed Platforms.ActiveCfg = Debug|Any CPU
		{AC756407-70FB-4C37-A2FE-9CCC4DE02ACA}.Debug|Mixed Platforms.Build.0 = Debug|Any CPU
		{AC756407-70FB-4C37-A2FE-9CCC4DE02ACA}.Debug|No Unit Tests.ActiveCfg = Debug|Any CPU
		{AC756407-70FB-4C37-A2FE-9CCC4DE02ACA}.Debug|No Unit Tests.Build.0 = Debug|Any CPU
		{AC756407-70FB-4C37-A2FE-9CCC4DE02ACA}.Debug|UnitTest.ActiveCfg = Debug|Any CPU
		{AC756407-70FB-4C37-A2FE-9CCC4DE02ACA}.Debug|x64.ActiveCfg = Debug|Any CPU
		{AC756407-70FB-4C37-A2FE-9CCC4DE02ACA}.Debug|x86.ActiveCfg = Debug|Any CPU
		{AC756407-70FB-4C37-A2FE-9CCC4DE02ACA}.Release|Any CPU.ActiveCfg = Release|Any CPU
		{AC756407-70FB-4C37-A2FE-9CCC4DE02ACA}.Release|Any CPU.Build.0 = Release|Any CPU
		{AC756407-70FB-4C37-A2FE-9CCC4DE02ACA}.Release|Mixed Platforms.ActiveCfg = Release|Any CPU
		{AC756407-70FB-4C37-A2FE-9CCC4DE02ACA}.Release|Mixed Platforms.Build.0 = Release|Any CPU
		{AC756407-70FB-4C37-A2FE-9CCC4DE02ACA}.Release|No Unit Tests.ActiveCfg = Release|Any CPU
		{AC756407-70FB-4C37-A2FE-9CCC4DE02ACA}.Release|No Unit Tests.Build.0 = Release|Any CPU
		{AC756407-70FB-4C37-A2FE-9CCC4DE02ACA}.Release|UnitTest.ActiveCfg = Release|Any CPU
		{AC756407-70FB-4C37-A2FE-9CCC4DE02ACA}.Release|UnitTest.Build.0 = Release|Any CPU
		{AC756407-70FB-4C37-A2FE-9CCC4DE02ACA}.Release|x64.ActiveCfg = Release|Any CPU
		{AC756407-70FB-4C37-A2FE-9CCC4DE02ACA}.Release|x86.ActiveCfg = Release|Any CPU
		{E0A15095-F4C7-4227-B4B3-0A0740E709F1}.Debug|Any CPU.ActiveCfg = Debug|Any CPU
		{E0A15095-F4C7-4227-B4B3-0A0740E709F1}.Debug|Any CPU.Build.0 = Debug|Any CPU
		{E0A15095-F4C7-4227-B4B3-0A0740E709F1}.Debug|Mixed Platforms.ActiveCfg = Debug|Any CPU
		{E0A15095-F4C7-4227-B4B3-0A0740E709F1}.Debug|Mixed Platforms.Build.0 = Debug|Any CPU
		{E0A15095-F4C7-4227-B4B3-0A0740E709F1}.Debug|No Unit Tests.ActiveCfg = Debug|Any CPU
		{E0A15095-F4C7-4227-B4B3-0A0740E709F1}.Debug|UnitTest.ActiveCfg = Debug|Any CPU
		{E0A15095-F4C7-4227-B4B3-0A0740E709F1}.Debug|x64.ActiveCfg = Debug|Any CPU
		{E0A15095-F4C7-4227-B4B3-0A0740E709F1}.Debug|x86.ActiveCfg = Debug|Any CPU
		{E0A15095-F4C7-4227-B4B3-0A0740E709F1}.Release|Any CPU.ActiveCfg = Release|Any CPU
		{E0A15095-F4C7-4227-B4B3-0A0740E709F1}.Release|Mixed Platforms.ActiveCfg = Release|Any CPU
		{E0A15095-F4C7-4227-B4B3-0A0740E709F1}.Release|Mixed Platforms.Build.0 = Release|Any CPU
		{E0A15095-F4C7-4227-B4B3-0A0740E709F1}.Release|No Unit Tests.ActiveCfg = Release|Any CPU
		{E0A15095-F4C7-4227-B4B3-0A0740E709F1}.Release|UnitTest.ActiveCfg = Release|Any CPU
		{E0A15095-F4C7-4227-B4B3-0A0740E709F1}.Release|UnitTest.Build.0 = Release|Any CPU
		{E0A15095-F4C7-4227-B4B3-0A0740E709F1}.Release|x64.ActiveCfg = Release|Any CPU
		{E0A15095-F4C7-4227-B4B3-0A0740E709F1}.Release|x86.ActiveCfg = Release|Any CPU
		{2749A001-87EF-4757-B5B4-AA3232BB23CD}.Debug|Any CPU.ActiveCfg = Debug|Any CPU
		{2749A001-87EF-4757-B5B4-AA3232BB23CD}.Debug|Any CPU.Build.0 = Debug|Any CPU
		{2749A001-87EF-4757-B5B4-AA3232BB23CD}.Debug|Mixed Platforms.ActiveCfg = Debug|Any CPU
		{2749A001-87EF-4757-B5B4-AA3232BB23CD}.Debug|Mixed Platforms.Build.0 = Debug|Any CPU
		{2749A001-87EF-4757-B5B4-AA3232BB23CD}.Debug|No Unit Tests.ActiveCfg = Debug|Any CPU
		{2749A001-87EF-4757-B5B4-AA3232BB23CD}.Debug|No Unit Tests.Build.0 = Debug|Any CPU
		{2749A001-87EF-4757-B5B4-AA3232BB23CD}.Debug|UnitTest.ActiveCfg = Debug|Any CPU
		{2749A001-87EF-4757-B5B4-AA3232BB23CD}.Debug|x64.ActiveCfg = Debug|Any CPU
		{2749A001-87EF-4757-B5B4-AA3232BB23CD}.Debug|x86.ActiveCfg = Debug|Any CPU
		{2749A001-87EF-4757-B5B4-AA3232BB23CD}.Release|Any CPU.ActiveCfg = Release|Any CPU
		{2749A001-87EF-4757-B5B4-AA3232BB23CD}.Release|Any CPU.Build.0 = Release|Any CPU
		{2749A001-87EF-4757-B5B4-AA3232BB23CD}.Release|Mixed Platforms.ActiveCfg = Release|Any CPU
		{2749A001-87EF-4757-B5B4-AA3232BB23CD}.Release|Mixed Platforms.Build.0 = Release|Any CPU
		{2749A001-87EF-4757-B5B4-AA3232BB23CD}.Release|No Unit Tests.ActiveCfg = Release|Any CPU
		{2749A001-87EF-4757-B5B4-AA3232BB23CD}.Release|No Unit Tests.Build.0 = Release|Any CPU
		{2749A001-87EF-4757-B5B4-AA3232BB23CD}.Release|UnitTest.ActiveCfg = Release|Any CPU
		{2749A001-87EF-4757-B5B4-AA3232BB23CD}.Release|x64.ActiveCfg = Release|Any CPU
		{2749A001-87EF-4757-B5B4-AA3232BB23CD}.Release|x86.ActiveCfg = Release|Any CPU
		{B7B102A3-0B65-49D0-BEC2-69586733F37A}.Debug|Any CPU.ActiveCfg = Debug|Any CPU
		{B7B102A3-0B65-49D0-BEC2-69586733F37A}.Debug|Any CPU.Build.0 = Debug|Any CPU
		{B7B102A3-0B65-49D0-BEC2-69586733F37A}.Debug|Mixed Platforms.ActiveCfg = Debug|Any CPU
		{B7B102A3-0B65-49D0-BEC2-69586733F37A}.Debug|Mixed Platforms.Build.0 = Debug|Any CPU
		{B7B102A3-0B65-49D0-BEC2-69586733F37A}.Debug|No Unit Tests.ActiveCfg = Debug|Any CPU
		{B7B102A3-0B65-49D0-BEC2-69586733F37A}.Debug|No Unit Tests.Build.0 = Debug|Any CPU
		{B7B102A3-0B65-49D0-BEC2-69586733F37A}.Debug|UnitTest.ActiveCfg = Debug|Any CPU
		{B7B102A3-0B65-49D0-BEC2-69586733F37A}.Debug|x64.ActiveCfg = Debug|Any CPU
		{B7B102A3-0B65-49D0-BEC2-69586733F37A}.Debug|x86.ActiveCfg = Debug|Any CPU
		{B7B102A3-0B65-49D0-BEC2-69586733F37A}.Release|Any CPU.ActiveCfg = Release|Any CPU
		{B7B102A3-0B65-49D0-BEC2-69586733F37A}.Release|Any CPU.Build.0 = Release|Any CPU
		{B7B102A3-0B65-49D0-BEC2-69586733F37A}.Release|Mixed Platforms.ActiveCfg = Release|Any CPU
		{B7B102A3-0B65-49D0-BEC2-69586733F37A}.Release|Mixed Platforms.Build.0 = Release|Any CPU
		{B7B102A3-0B65-49D0-BEC2-69586733F37A}.Release|No Unit Tests.ActiveCfg = Release|Any CPU
		{B7B102A3-0B65-49D0-BEC2-69586733F37A}.Release|No Unit Tests.Build.0 = Release|Any CPU
		{B7B102A3-0B65-49D0-BEC2-69586733F37A}.Release|UnitTest.ActiveCfg = Release|Any CPU
		{B7B102A3-0B65-49D0-BEC2-69586733F37A}.Release|x64.ActiveCfg = Release|Any CPU
		{B7B102A3-0B65-49D0-BEC2-69586733F37A}.Release|x86.ActiveCfg = Release|Any CPU
		{18C638DB-47F2-4188-A654-4DADCDF17B4D}.Debug|Any CPU.ActiveCfg = Debug|Any CPU
		{18C638DB-47F2-4188-A654-4DADCDF17B4D}.Debug|Any CPU.Build.0 = Debug|Any CPU
		{18C638DB-47F2-4188-A654-4DADCDF17B4D}.Debug|Mixed Platforms.ActiveCfg = Debug|Any CPU
		{18C638DB-47F2-4188-A654-4DADCDF17B4D}.Debug|Mixed Platforms.Build.0 = Debug|Any CPU
		{18C638DB-47F2-4188-A654-4DADCDF17B4D}.Debug|No Unit Tests.ActiveCfg = Debug|Any CPU
		{18C638DB-47F2-4188-A654-4DADCDF17B4D}.Debug|No Unit Tests.Build.0 = Debug|Any CPU
		{18C638DB-47F2-4188-A654-4DADCDF17B4D}.Debug|UnitTest.ActiveCfg = Debug|Any CPU
		{18C638DB-47F2-4188-A654-4DADCDF17B4D}.Debug|x64.ActiveCfg = Debug|Any CPU
		{18C638DB-47F2-4188-A654-4DADCDF17B4D}.Debug|x86.ActiveCfg = Debug|Any CPU
		{18C638DB-47F2-4188-A654-4DADCDF17B4D}.Release|Any CPU.ActiveCfg = Release|Any CPU
		{18C638DB-47F2-4188-A654-4DADCDF17B4D}.Release|Any CPU.Build.0 = Release|Any CPU
		{18C638DB-47F2-4188-A654-4DADCDF17B4D}.Release|Mixed Platforms.ActiveCfg = Release|Any CPU
		{18C638DB-47F2-4188-A654-4DADCDF17B4D}.Release|Mixed Platforms.Build.0 = Release|Any CPU
		{18C638DB-47F2-4188-A654-4DADCDF17B4D}.Release|No Unit Tests.ActiveCfg = Release|Any CPU
		{18C638DB-47F2-4188-A654-4DADCDF17B4D}.Release|No Unit Tests.Build.0 = Release|Any CPU
		{18C638DB-47F2-4188-A654-4DADCDF17B4D}.Release|UnitTest.ActiveCfg = Release|Any CPU
		{18C638DB-47F2-4188-A654-4DADCDF17B4D}.Release|x64.ActiveCfg = Release|Any CPU
		{18C638DB-47F2-4188-A654-4DADCDF17B4D}.Release|x86.ActiveCfg = Release|Any CPU
	EndGlobalSection
	GlobalSection(SolutionProperties) = preSolution
		HideSolutionNode = FALSE
	EndGlobalSection
	GlobalSection(NestedProjects) = preSolution
		{E6255821-7BC4-4617-AC16-A620A51C9962} = {7DF43C7D-A243-4289-9C81-00A70119CAB1}
		{D4DCD3D6-AE24-403E-AF10-07DF01CE436A} = {7DF43C7D-A243-4289-9C81-00A70119CAB1}
		{FB484536-C3A1-4DA1-8464-C2A5E92A6333} = {7DF43C7D-A243-4289-9C81-00A70119CAB1}
		{1C780E39-26D5-4E6F-9533-91D867C1136C} = {7DF43C7D-A243-4289-9C81-00A70119CAB1}
		{A2B689B5-516B-4E6F-87D6-0EE111E0F049} = {7DF43C7D-A243-4289-9C81-00A70119CAB1}
		{5F67BB68-03E1-4666-971E-821951885E9F} = {147B0947-7CB4-4F4C-BCB3-57CE32115453}
		{9C416E27-110F-460A-B088-84735F430078} = {147B0947-7CB4-4F4C-BCB3-57CE32115453}
		{245D5E04-D203-42F9-B6EB-09B7FE0DBF15} = {A3842673-8A5B-4EA7-972F-7A723BF24450}
		{EF7CFB81-6C51-4F8E-A880-6CD1B2C19267} = {7DF43C7D-A243-4289-9C81-00A70119CAB1}
		{9217F575-2D71-4449-8686-1BEE8A998D42} = {7DF43C7D-A243-4289-9C81-00A70119CAB1}
		{095E4A10-7EA0-4A1F-BB4C-2955FB743BC2} = {5909040A-8319-49A2-858B-BD3A1A9EE7B0}
		{AC756407-70FB-4C37-A2FE-9CCC4DE02ACA} = {7DF43C7D-A243-4289-9C81-00A70119CAB1}
		{E0A15095-F4C7-4227-B4B3-0A0740E709F1} = {5909040A-8319-49A2-858B-BD3A1A9EE7B0}
		{2749A001-87EF-4757-B5B4-AA3232BB23CD} = {7DF43C7D-A243-4289-9C81-00A70119CAB1}
		{B7B102A3-0B65-49D0-BEC2-69586733F37A} = {7DF43C7D-A243-4289-9C81-00A70119CAB1}
		{18C638DB-47F2-4188-A654-4DADCDF17B4D} = {7DF43C7D-A243-4289-9C81-00A70119CAB1}
	EndGlobalSection
	GlobalSection(TestCaseManagementSettings) = postSolution
		CategoryFile = MainSolution.vsmdi
	EndGlobalSection
EndGlobal
