
Microsoft Visual Studio Solution File, Format Version 11.00
# Visual Studio 2010
Project("{FAE04EC0-301F-11D3-BF4B-00C04F79EFBC}") = "Sql2008", "Sql2008\Sql2008.csproj", "{FB484536-C3A1-4DA1-8464-C2A5E92A6333}"
EndProject
Global
	GlobalSection(TeamFoundationVersionControl) = preSolution
		SccNumberOfProjects = 2
		SccEnterpriseProvider = {4CA58AB2-18FA-4F8D-95D4-32DDF27D184C}
		SccTeamFoundationServer = https://tfs08.codeplex.com/
		SccLocalPath0 = .
		SccProjectUniqueName1 = Sql2008\\Sql2008.csproj
		SccProjectName1 = Sql2008
		SccLocalPath1 = Sql2008
	EndGlobalSection
	GlobalSection(SolutionConfigurationPlatforms) = preSolution
		Debug|Any CPU = Debug|Any CPU
		Release|Any CPU = Release|Any CPU
	EndGlobalSection
	GlobalSection(ProjectConfigurationPlatforms) = postSolution
		{FB484536-C3A1-4DA1-8464-C2A5E92A6333}.Debug|Any CPU.ActiveCfg = Debug|Any CPU
		{FB484536-C3A1-4DA1-8464-C2A5E92A6333}.Debug|Any CPU.Build.0 = Debug|Any CPU
		{FB484536-C3A1-4DA1-8464-C2A5E92A6333}.Release|Any CPU.ActiveCfg = Release|Any CPU
		{FB484536-C3A1-4DA1-8464-C2A5E92A6333}.Release|Any CPU.Build.0 = Release|Any CPU
	EndGlobalSection
	GlobalSection(SolutionProperties) = preSolution
		HideSolutionNode = FALSE
	EndGlobalSection
EndGlobal
