
Microsoft Visual Studio Solution File, Format Version 11.00
# Visual Studio 2010
Project("{FAE04EC0-301F-11D3-BF4B-00C04F79EFBC}") = "Sync", "Sync\Sync.csproj", "{ADD57C4B-12DC-4B27-A825-C58D91A06BE3}"
EndProject
Global
	GlobalSection(TeamFoundationVersionControl) = preSolution
		SccNumberOfProjects = 2
		SccEnterpriseProvider = {4CA58AB2-18FA-4F8D-95D4-32DDF27D184C}
		SccTeamFoundationServer = https://tfs08.codeplex.com/
		SccLocalPath0 = .
		SccProjectUniqueName1 = Sync\\Sync.csproj
		SccProjectName1 = Sync
		SccLocalPath1 = Sync
	EndGlobalSection
	GlobalSection(SolutionConfigurationPlatforms) = preSolution
		Debug|Any CPU = Debug|Any CPU
		Release|Any CPU = Release|Any CPU
	EndGlobalSection
	GlobalSection(ProjectConfigurationPlatforms) = postSolution
		{ADD57C4B-12DC-4B27-A825-C58D91A06BE3}.Debug|Any CPU.ActiveCfg = Debug|Any CPU
		{ADD57C4B-12DC-4B27-A825-C58D91A06BE3}.Debug|Any CPU.Build.0 = Debug|Any CPU
		{ADD57C4B-12DC-4B27-A825-C58D91A06BE3}.Release|Any CPU.ActiveCfg = Release|Any CPU
		{ADD57C4B-12DC-4B27-A825-C58D91A06BE3}.Release|Any CPU.Build.0 = Release|Any CPU
	EndGlobalSection
	GlobalSection(SolutionProperties) = preSolution
		HideSolutionNode = FALSE
	EndGlobalSection
EndGlobal
