Microsoft Visual Studio Solution File, Format Version 11.00
# Visual Studio 2010
Project("{2150E333-8FDC-42A3-9474-1A3956D46DE8}") = "Common", "Common", "{06FDB13A-E163-49EE-AC60-4EF4085DADC5}"
	ProjectSection(SolutionItems) = preProject
		Common\Attributes.cs = Common\Attributes.cs
		Common\BaseAppDomainIsolatedTask.cs = Common\BaseAppDomainIsolatedTask.cs
		Common\BaseTask.cs = Common\BaseTask.cs
		CodeCoverage.testrunconfig = CodeCoverage.testrunconfig
		Common\ExtensionPack.public.snk = Common\ExtensionPack.public.snk
		MainSolution.vsmdi = MainSolution.vsmdi
		Common\MSBuild.ExtensionPack.ruleset = Common\MSBuild.ExtensionPack.ruleset
		Common\MSBuild.ExtensionPack.tasks = Common\MSBuild.ExtensionPack.tasks
		SetEnv.cmd = SetEnv.cmd
		Settings.StyleCop = Settings.StyleCop
		SkipDelaySignVerification.cmd = SkipDelaySignVerification.cmd
		Common\StringExtension.cs = Common\StringExtension.cs
	EndProjectSection
EndProject
Project("{2150E333-8FDC-42A3-9474-1A3956D46DE8}") = "UnitTests", "UnitTests", "{5909040A-8319-49A2-858B-BD3A1A9EE7B0}"
	ProjectSection(SolutionItems) = preProject
		UnitTests\MockBuildEngine.cs = UnitTests\MockBuildEngine.cs
	EndProjectSection
EndProject
Project("{FAE04EC0-301F-11D3-BF4B-00C04F79EFBC}") = "BizTalk", "BizTalk\BizTalk.csproj", "{E6255821-7BC4-4617-AC16-A620A51C9962}"
EndProject
Project("{FAE04EC0-301F-11D3-BF4B-00C04F79EFBC}") = "StyleCop", "StyleCop\StyleCop.csproj", "{D4DCD3D6-AE24-403E-AF10-07DF01CE436A}"
EndProject
Project("{FAE04EC0-301F-11D3-BF4B-00C04F79EFBC}") = "Sql2005", "Sql2005\Sql2005.csproj", "{42F6A494-5D2C-4D6D-8B42-CCB704303840}"
EndProject
Project("{FAE04EC0-301F-11D3-BF4B-00C04F79EFBC}") = "Sql2008", "Sql2008\Sql2008.csproj", "{FB484536-C3A1-4DA1-8464-C2A5E92A6333}"
EndProject
Project("{FAE04EC0-301F-11D3-BF4B-00C04F79EFBC}") = "Framework", "Framework\Framework.csproj", "{1C780E39-26D5-4E6F-9533-91D867C1136C}"
EndProject
Project("{FAE04EC0-301F-11D3-BF4B-00C04F79EFBC}") = "IIS7", "IIS7\IIS7.csproj", "{A2B689B5-516B-4E6F-87D6-0EE111E0F049}"
EndProject
Project("{FAE04EC0-301F-11D3-BF4B-00C04F79EFBC}") = "JSharp", "JSharp\JSharp.csproj", "{8D8428EA-4270-493D-A968-D6F94F99CC00}"
EndProject
Project("{FAE04EC0-301F-11D3-BF4B-00C04F79EFBC}") = "TFS", "TFS\TFS.csproj", "{51FAA268-396F-4226-AED8-0F08657453F6}"
EndProject
Project("{FAE04EC0-301F-11D3-BF4B-00C04F79EFBC}") = "Sync", "Sync\Sync.csproj", "{ADD57C4B-12DC-4B27-A825-C58D91A06BE3}"
EndProject
Project("{FAE04EC0-301F-11D3-BF4B-00C04F79EFBC}") = "FrameworkTests", "UnitTests\FrameworkTests\FrameworkTests.csproj", "{ABACCC22-B8B3-4B17-9464-789E093A3503}"
EndProject
Project("{FAE04EC0-301F-11D3-BF4B-00C04F79EFBC}") = "WindowsVirtualPc", "WindowsVirtualPC\WindowsVirtualPc.csproj", "{58881FCC-D34B-42B6-B9E9-997CBB09C8D0}"
EndProject
Project("{2150E333-8FDC-42A3-9474-1A3956D46DE8}") = "TaskFactories", "TaskFactories", "{147B0947-7CB4-4F4C-BCB3-57CE32115453}"
EndProject
Project("{FAE04EC0-301F-11D3-BF4B-00C04F79EFBC}") = "PowershellTaskFactory", "TaskFactories\PowershellTaskFactory\PowershellTaskFactory.csproj", "{5F67BB68-03E1-4666-971E-821951885E9F}"
EndProject
Project("{2150E333-8FDC-42A3-9474-1A3956D46DE8}") = "Tasks", "Tasks", "{7DF43C7D-A243-4289-9C81-00A70119CAB1}"
EndProject
Project("{2150E333-8FDC-42A3-9474-1A3956D46DE8}") = "Loggers", "Loggers", "{A3842673-8A5B-4EA7-972F-7A723BF24450}"
EndProject
Project("{FAE04EC0-301F-11D3-BF4B-00C04F79EFBC}") = "DlrTaskFactory", "TaskFactories\DlrTaskFactory\DlrTaskFactory.csproj", "{9C416E27-110F-460A-B088-84735F430078}"
EndProject
Project("{FAE04EC0-301F-11D3-BF4B-00C04F79EFBC}") = "Framework", "Loggers\Framework\Framework.csproj", "{245D5E04-D203-42F9-B6EB-09B7FE0DBF15}"
EndProject
Global
	GlobalSection(TeamFoundationVersionControl) = preSolution
		SccNumberOfProjects = 15
		SccEnterpriseProvider = {4CA58AB2-18FA-4F8D-95D4-32DDF27D184C}
		SccTeamFoundationServer = https://tfs.codeplex.com/tfs/tfs08
		SccLocalPath0 = .
		SccProjectUniqueName1 = BizTalk\\BizTalk.csproj
		SccProjectTopLevelParentUniqueName1 = MainSolution.sln
		SccProjectName1 = BizTalk
		SccLocalPath1 = BizTalk
		SccProjectUniqueName2 = StyleCop\\StyleCop.csproj
		SccProjectTopLevelParentUniqueName2 = MainSolution.sln
		SccProjectName2 = StyleCop
		SccLocalPath2 = StyleCop
		SccProjectUniqueName3 = Sql2008\\Sql2008.csproj
		SccProjectTopLevelParentUniqueName3 = MainSolution.sln
		SccProjectName3 = Sql2008
		SccLocalPath3 = Sql2008
		SccProjectUniqueName4 = Sql2005\\Sql2005.csproj
		SccProjectTopLevelParentUniqueName4 = MainSolution.sln
		SccProjectName4 = Sql2005
		SccLocalPath4 = Sql2005
		SccProjectUniqueName5 = Framework\\Framework.csproj
		SccProjectTopLevelParentUniqueName5 = MainSolution.sln
		SccProjectName5 = Framework
		SccLocalPath5 = Framework
		SccProjectUniqueName6 = IIS7\\IIS7.csproj
		SccProjectTopLevelParentUniqueName6 = MainSolution.sln
		SccProjectName6 = IIS7
		SccLocalPath6 = IIS7
		SccProjectUniqueName7 = JSharp\\JSharp.csproj
		SccProjectTopLevelParentUniqueName7 = MainSolution.sln
		SccProjectName7 = JSharp
		SccLocalPath7 = JSharp
		SccProjectUniqueName8 = TFS\\TFS.csproj
		SccProjectTopLevelParentUniqueName8 = MainSolution.sln
		SccProjectName8 = TFS
		SccLocalPath8 = TFS
		SccProjectUniqueName9 = Sync\\Sync.csproj
		SccProjectTopLevelParentUniqueName9 = MainSolution.sln
		SccProjectName9 = Sync
		SccLocalPath9 = Sync
		SccProjectUniqueName10 = UnitTests\\FrameworkTests\\FrameworkTests.csproj
		SccProjectTopLevelParentUniqueName10 = MainSolution.sln
		SccProjectName10 = UnitTests/FrameworkTests
		SccLocalPath10 = UnitTests\\FrameworkTests
		SccProjectUniqueName11 = WindowsVirtualPC\\WindowsVirtualPc.csproj
		SccProjectTopLevelParentUniqueName11 = MainSolution.sln
		SccProjectName11 = WindowsVirtualPC
		SccLocalPath11 = WindowsVirtualPC
		SccProjectUniqueName12 = TaskFactories\\PowershellTaskFactory\\PowershellTaskFactory.csproj
		SccProjectTopLevelParentUniqueName12 = MainSolution.sln
		SccProjectName12 = TaskFactories/PowershellTaskFactory
		SccLocalPath12 = TaskFactories\\PowershellTaskFactory
		SccProjectUniqueName13 = TaskFactories\\DlrTaskFactory\\DlrTaskFactory.csproj
		SccProjectTopLevelParentUniqueName13 = MainSolution.sln
		SccProjectName13 = TaskFactories/DlrTaskFactory
		SccLocalPath13 = TaskFactories\\DlrTaskFactory
		SccProjectUniqueName14 = Loggers\\Framework\\Framework.csproj
		SccProjectTopLevelParentUniqueName14 = MainSolution.sln
		SccProjectName14 = Loggers/Framework
		SccLocalPath14 = Loggers\\Framework
	EndGlobalSection
	GlobalSection(TestCaseManagementSettings) = postSolution
		CategoryFile = MainSolution.vsmdi
	EndGlobalSection
	GlobalSection(SolutionConfigurationPlatforms) = preSolution
		Debug|Any CPU = Debug|Any CPU
		Release|Any CPU = Release|Any CPU
	EndGlobalSection
	GlobalSection(ProjectConfigurationPlatforms) = postSolution
		{E6255821-7BC4-4617-AC16-A620A51C9962}.Debug|Any CPU.ActiveCfg = Debug|Any CPU
		{E6255821-7BC4-4617-AC16-A620A51C9962}.Debug|Any CPU.Build.0 = Debug|Any CPU
		{E6255821-7BC4-4617-AC16-A620A51C9962}.Release|Any CPU.ActiveCfg = Release|Any CPU
		{E6255821-7BC4-4617-AC16-A620A51C9962}.Release|Any CPU.Build.0 = Release|Any CPU
		{D4DCD3D6-AE24-403E-AF10-07DF01CE436A}.Debug|Any CPU.ActiveCfg = Debug|Any CPU
		{D4DCD3D6-AE24-403E-AF10-07DF01CE436A}.Debug|Any CPU.Build.0 = Debug|Any CPU
		{D4DCD3D6-AE24-403E-AF10-07DF01CE436A}.Release|Any CPU.ActiveCfg = Release|Any CPU
		{D4DCD3D6-AE24-403E-AF10-07DF01CE436A}.Release|Any CPU.Build.0 = Release|Any CPU
		{42F6A494-5D2C-4D6D-8B42-CCB704303840}.Debug|Any CPU.ActiveCfg = Debug|Any CPU
		{42F6A494-5D2C-4D6D-8B42-CCB704303840}.Debug|Any CPU.Build.0 = Debug|Any CPU
		{42F6A494-5D2C-4D6D-8B42-CCB704303840}.Release|Any CPU.ActiveCfg = Release|Any CPU
		{42F6A494-5D2C-4D6D-8B42-CCB704303840}.Release|Any CPU.Build.0 = Release|Any CPU
		{FB484536-C3A1-4DA1-8464-C2A5E92A6333}.Debug|Any CPU.ActiveCfg = Debug|Any CPU
		{FB484536-C3A1-4DA1-8464-C2A5E92A6333}.Debug|Any CPU.Build.0 = Debug|Any CPU
		{FB484536-C3A1-4DA1-8464-C2A5E92A6333}.Release|Any CPU.ActiveCfg = Release|Any CPU
		{FB484536-C3A1-4DA1-8464-C2A5E92A6333}.Release|Any CPU.Build.0 = Release|Any CPU
		{1C780E39-26D5-4E6F-9533-91D867C1136C}.Debug|Any CPU.ActiveCfg = Debug|Any CPU
		{1C780E39-26D5-4E6F-9533-91D867C1136C}.Debug|Any CPU.Build.0 = Debug|Any CPU
		{1C780E39-26D5-4E6F-9533-91D867C1136C}.Release|Any CPU.ActiveCfg = Release|Any CPU
		{1C780E39-26D5-4E6F-9533-91D867C1136C}.Release|Any CPU.Build.0 = Release|Any CPU
		{A2B689B5-516B-4E6F-87D6-0EE111E0F049}.Debug|Any CPU.ActiveCfg = Debug|Any CPU
		{A2B689B5-516B-4E6F-87D6-0EE111E0F049}.Debug|Any CPU.Build.0 = Debug|Any CPU
		{A2B689B5-516B-4E6F-87D6-0EE111E0F049}.Release|Any CPU.ActiveCfg = Release|Any CPU
		{A2B689B5-516B-4E6F-87D6-0EE111E0F049}.Release|Any CPU.Build.0 = Release|Any CPU
		{8D8428EA-4270-493D-A968-D6F94F99CC00}.Debug|Any CPU.ActiveCfg = Debug|Any CPU
		{8D8428EA-4270-493D-A968-D6F94F99CC00}.Debug|Any CPU.Build.0 = Debug|Any CPU
		{8D8428EA-4270-493D-A968-D6F94F99CC00}.Release|Any CPU.ActiveCfg = Release|Any CPU
		{8D8428EA-4270-493D-A968-D6F94F99CC00}.Release|Any CPU.Build.0 = Release|Any CPU
		{51FAA268-396F-4226-AED8-0F08657453F6}.Debug|Any CPU.ActiveCfg = Debug|Any CPU
		{51FAA268-396F-4226-AED8-0F08657453F6}.Debug|Any CPU.Build.0 = Debug|Any CPU
		{51FAA268-396F-4226-AED8-0F08657453F6}.Release|Any CPU.ActiveCfg = Release|Any CPU
		{51FAA268-396F-4226-AED8-0F08657453F6}.Release|Any CPU.Build.0 = Release|Any CPU
		{ADD57C4B-12DC-4B27-A825-C58D91A06BE3}.Debug|Any CPU.ActiveCfg = Debug|Any CPU
		{ADD57C4B-12DC-4B27-A825-C58D91A06BE3}.Debug|Any CPU.Build.0 = Debug|Any CPU
		{ADD57C4B-12DC-4B27-A825-C58D91A06BE3}.Release|Any CPU.ActiveCfg = Release|Any CPU
		{ADD57C4B-12DC-4B27-A825-C58D91A06BE3}.Release|Any CPU.Build.0 = Release|Any CPU
		{ABACCC22-B8B3-4B17-9464-789E093A3503}.Debug|Any CPU.ActiveCfg = Debug|Any CPU
		{ABACCC22-B8B3-4B17-9464-789E093A3503}.Release|Any CPU.ActiveCfg = Release|Any CPU
		{58881FCC-D34B-42B6-B9E9-997CBB09C8D0}.Debug|Any CPU.ActiveCfg = Debug|Any CPU
		{58881FCC-D34B-42B6-B9E9-997CBB09C8D0}.Debug|Any CPU.Build.0 = Debug|Any CPU
		{58881FCC-D34B-42B6-B9E9-997CBB09C8D0}.Release|Any CPU.ActiveCfg = Release|Any CPU
		{58881FCC-D34B-42B6-B9E9-997CBB09C8D0}.Release|Any CPU.Build.0 = Release|Any CPU
		{5F67BB68-03E1-4666-971E-821951885E9F}.Debug|Any CPU.ActiveCfg = Debug|Any CPU
		{5F67BB68-03E1-4666-971E-821951885E9F}.Debug|Any CPU.Build.0 = Debug|Any CPU
		{5F67BB68-03E1-4666-971E-821951885E9F}.Release|Any CPU.ActiveCfg = Release|Any CPU
		{5F67BB68-03E1-4666-971E-821951885E9F}.Release|Any CPU.Build.0 = Release|Any CPU
		{9C416E27-110F-460A-B088-84735F430078}.Debug|Any CPU.ActiveCfg = Debug|Any CPU
		{9C416E27-110F-460A-B088-84735F430078}.Debug|Any CPU.Build.0 = Debug|Any CPU
		{9C416E27-110F-460A-B088-84735F430078}.Release|Any CPU.ActiveCfg = Release|Any CPU
		{9C416E27-110F-460A-B088-84735F430078}.Release|Any CPU.Build.0 = Release|Any CPU
		{245D5E04-D203-42F9-B6EB-09B7FE0DBF15}.Debug|Any CPU.ActiveCfg = Debug|Any CPU
		{245D5E04-D203-42F9-B6EB-09B7FE0DBF15}.Debug|Any CPU.Build.0 = Debug|Any CPU
		{245D5E04-D203-42F9-B6EB-09B7FE0DBF15}.Release|Any CPU.ActiveCfg = Release|Any CPU
		{245D5E04-D203-42F9-B6EB-09B7FE0DBF15}.Release|Any CPU.Build.0 = Release|Any CPU
	EndGlobalSection
	GlobalSection(SolutionProperties) = preSolution
		HideSolutionNode = FALSE
	EndGlobalSection
	GlobalSection(NestedProjects) = preSolution
		{ABACCC22-B8B3-4B17-9464-789E093A3503} = {5909040A-8319-49A2-858B-BD3A1A9EE7B0}
		{D4DCD3D6-AE24-403E-AF10-07DF01CE436A} = {7DF43C7D-A243-4289-9C81-00A70119CAB1}
		{42F6A494-5D2C-4D6D-8B42-CCB704303840} = {7DF43C7D-A243-4289-9C81-00A70119CAB1}
		{FB484536-C3A1-4DA1-8464-C2A5E92A6333} = {7DF43C7D-A243-4289-9C81-00A70119CAB1}
		{1C780E39-26D5-4E6F-9533-91D867C1136C} = {7DF43C7D-A243-4289-9C81-00A70119CAB1}
		{A2B689B5-516B-4E6F-87D6-0EE111E0F049} = {7DF43C7D-A243-4289-9C81-00A70119CAB1}
		{8D8428EA-4270-493D-A968-D6F94F99CC00} = {7DF43C7D-A243-4289-9C81-00A70119CAB1}
		{51FAA268-396F-4226-AED8-0F08657453F6} = {7DF43C7D-A243-4289-9C81-00A70119CAB1}
		{ADD57C4B-12DC-4B27-A825-C58D91A06BE3} = {7DF43C7D-A243-4289-9C81-00A70119CAB1}
		{58881FCC-D34B-42B6-B9E9-997CBB09C8D0} = {7DF43C7D-A243-4289-9C81-00A70119CAB1}
		{E6255821-7BC4-4617-AC16-A620A51C9962} = {7DF43C7D-A243-4289-9C81-00A70119CAB1}
		{5F67BB68-03E1-4666-971E-821951885E9F} = {147B0947-7CB4-4F4C-BCB3-57CE32115453}
		{9C416E27-110F-460A-B088-84735F430078} = {147B0947-7CB4-4F4C-BCB3-57CE32115453}
		{245D5E04-D203-42F9-B6EB-09B7FE0DBF15} = {A3842673-8A5B-4EA7-972F-7A723BF24450}
	EndGlobalSection
EndGlobal
