
Microsoft Visual Studio Solution File, Format Version 11.00
# Visual Studio 2010
Project("{FAE04EC0-301F-11D3-BF4B-00C04F79EFBC}") = "StyleCop", "StyleCop\StyleCop.csproj", "{D4DCD3D6-AE24-403E-AF10-07DF01CE436A}"
EndProject
Global
	GlobalSection(TeamFoundationVersionControl) = preSolution
		SccNumberOfProjects = 2
		SccEnterpriseProvider = {4CA58AB2-18FA-4F8D-95D4-32DDF27D184C}
		SccTeamFoundationServer = https://tfs08.codeplex.com/
		SccLocalPath0 = .
		SccProjectUniqueName1 = StyleCop\\StyleCop.csproj
		SccProjectName1 = StyleCop
		SccLocalPath1 = StyleCop
	EndGlobalSection
	GlobalSection(SolutionConfigurationPlatforms) = preSolution
		Debug|Any CPU = Debug|Any CPU
		Release|Any CPU = Release|Any CPU
	EndGlobalSection
	GlobalSection(ProjectConfigurationPlatforms) = postSolution
		{D4DCD3D6-AE24-403E-AF10-07DF01CE436A}.Debug|Any CPU.ActiveCfg = Debug|Any CPU
		{D4DCD3D6-AE24-403E-AF10-07DF01CE436A}.Debug|Any CPU.Build.0 = Debug|Any CPU
		{D4DCD3D6-AE24-403E-AF10-07DF01CE436A}.Release|Any CPU.ActiveCfg = Release|Any CPU
		{D4DCD3D6-AE24-403E-AF10-07DF01CE436A}.Release|Any CPU.Build.0 = Release|Any CPU
	EndGlobalSection
	GlobalSection(SolutionProperties) = preSolution
		HideSolutionNode = FALSE
	EndGlobalSection
EndGlobal
