Microsoft Visual Studio Solution File, Format Version 10.00
# Visual Studio 2008
Project("{2150E333-8FDC-42A3-9474-1A3956D46DE8}") = "Solution Items", "Solution Items", "{06FDB13A-E163-49EE-AC60-4EF4085DADC5}"
	ProjectSection(SolutionItems) = preProject
		Common\BaseTask.cs = Common\BaseTask.cs
		Common\CommonAssemblyInfo.cs = Common\CommonAssemblyInfo.cs
		Common\ExtensionPack.public.snk = Common\ExtensionPack.public.snk
		Common\MSBuild.ExtensionPack.tasks = Common\MSBuild.ExtensionPack.tasks
		Settings.StyleCop = Settings.StyleCop
	EndProjectSection
EndProject
Project("{FAE04EC0-301F-11D3-BF4B-00C04F79EFBC}") = "MSBuildIIS7", "MSBuildIIS7\MSBuildIIS7.csproj", "{A2B689B5-516B-4E6F-87D6-0EE111E0F049}"
EndProject
Project("{FAE04EC0-301F-11D3-BF4B-00C04F79EFBC}") = "MSBuildFramework", "MSBuildFramework\MSBuildFramework.csproj", "{1C780E39-26D5-4E6F-9533-91D867C1136C}"
EndProject
Project("{FAE04EC0-301F-11D3-BF4B-00C04F79EFBC}") = "MSBuildJSharp", "MSBuildJSharp\MSBuildJSharp.csproj", "{8D8428EA-4270-493D-A968-D6F94F99CC00}"
EndProject
Project("{FAE04EC0-301F-11D3-BF4B-00C04F79EFBC}") = "MSBuildBizTalk", "BizTalk\MSBuildBizTalk.csproj", "{E6255821-7BC4-4617-AC16-A620A51C9962}"
EndProject
Project("{FAE04EC0-301F-11D3-BF4B-00C04F79EFBC}") = "MSBuildStyleCop", "StyleCop\MSBuildStyleCop.csproj", "{D4DCD3D6-AE24-403E-AF10-07DF01CE436A}"
EndProject
Project("{FAE04EC0-301F-11D3-BF4B-00C04F79EFBC}") = "MSBuildTFS", "MSBuildTFS\MSBuildTFS.csproj", "{51FAA268-396F-4226-AED8-0F08657453F6}"
EndProject
Project("{2150E333-8FDC-42A3-9474-1A3956D46DE8}") = "DocumentationSchema", "DocumentationSchema", "{27FF4005-D504-48A9-A0C0-40C32F21F324}"
	ProjectSection(SolutionItems) = preProject
		DocumentationSchema\MSBuild.ExtensionPack.BizTalk.xsd = DocumentationSchema\MSBuild.ExtensionPack.BizTalk.xsd
		DocumentationSchema\MSBuild.ExtensionPack.Iis7.xsd = DocumentationSchema\MSBuild.ExtensionPack.Iis7.xsd
		DocumentationSchema\MSBuild.ExtensionPack.JSharp.xsd = DocumentationSchema\MSBuild.ExtensionPack.JSharp.xsd
		DocumentationSchema\MSBuild.ExtensionPack.MSTFSBuild2008.xsd = DocumentationSchema\MSBuild.ExtensionPack.MSTFSBuild2008.xsd
		DocumentationSchema\MSBuild.ExtensionPack.StyleCop.xsd = DocumentationSchema\MSBuild.ExtensionPack.StyleCop.xsd
		DocumentationSchema\MSBuild.ExtensionPack.Tfs.xsd = DocumentationSchema\MSBuild.ExtensionPack.Tfs.xsd
	EndProjectSection
EndProject
Project("{FAE04EC0-301F-11D3-BF4B-00C04F79EFBC}") = "Deployment", "Deployment\Deployment.csproj", "{0EEB8628-5540-409E-A701-1FBC218FE3ED}"
EndProject
Global
	GlobalSection(TeamFoundationVersionControl) = preSolution
		SccNumberOfProjects = 8
		SccEnterpriseProvider = {4CA58AB2-18FA-4F8D-95D4-32DDF27D184C}
		SccTeamFoundationServer = https://tfs08.codeplex.com/
		SccLocalPath0 = .
		SccProjectUniqueName1 = BizTalk\\MSBuildBizTalk.csproj
		SccProjectName1 = BizTalk
		SccLocalPath1 = BizTalk
		SccProjectUniqueName2 = MSBuildFramework\\MSBuildFramework.csproj
		SccProjectName2 = MSBuildFramework
		SccLocalPath2 = MSBuildFramework
		SccProjectUniqueName3 = MSBuildIIS7\\MSBuildIIS7.csproj
		SccProjectName3 = MSBuildIIS7
		SccLocalPath3 = MSBuildIIS7
		SccProjectUniqueName4 = MSBuildJSharp\\MSBuildJSharp.csproj
		SccProjectName4 = MSBuildJSharp
		SccLocalPath4 = MSBuildJSharp
		SccProjectUniqueName5 = StyleCop\\MSBuildStyleCop.csproj
		SccProjectName5 = StyleCop
		SccLocalPath5 = StyleCop
		SccProjectUniqueName6 = MSBuildTFS\\MSBuildTFS.csproj
		SccProjectName6 = MSBuildTFS
		SccLocalPath6 = MSBuildTFS
		SccProjectUniqueName7 = Deployment\\Deployment.csproj
		SccProjectName7 = Deployment
		SccLocalPath7 = Deployment
	EndGlobalSection
	GlobalSection(SolutionConfigurationPlatforms) = preSolution
		Debug|Any CPU = Debug|Any CPU
		Release|Any CPU = Release|Any CPU
	EndGlobalSection
	GlobalSection(ProjectConfigurationPlatforms) = postSolution
		{A2B689B5-516B-4E6F-87D6-0EE111E0F049}.Debug|Any CPU.ActiveCfg = Debug|Any CPU
		{A2B689B5-516B-4E6F-87D6-0EE111E0F049}.Debug|Any CPU.Build.0 = Debug|Any CPU
		{A2B689B5-516B-4E6F-87D6-0EE111E0F049}.Release|Any CPU.ActiveCfg = Release|Any CPU
		{A2B689B5-516B-4E6F-87D6-0EE111E0F049}.Release|Any CPU.Build.0 = Release|Any CPU
		{1C780E39-26D5-4E6F-9533-91D867C1136C}.Debug|Any CPU.ActiveCfg = Debug|Any CPU
		{1C780E39-26D5-4E6F-9533-91D867C1136C}.Debug|Any CPU.Build.0 = Debug|Any CPU
		{1C780E39-26D5-4E6F-9533-91D867C1136C}.Release|Any CPU.ActiveCfg = Release|Any CPU
		{1C780E39-26D5-4E6F-9533-91D867C1136C}.Release|Any CPU.Build.0 = Release|Any CPU
		{8D8428EA-4270-493D-A968-D6F94F99CC00}.Debug|Any CPU.ActiveCfg = Debug|Any CPU
		{8D8428EA-4270-493D-A968-D6F94F99CC00}.Debug|Any CPU.Build.0 = Debug|Any CPU
		{8D8428EA-4270-493D-A968-D6F94F99CC00}.Release|Any CPU.ActiveCfg = Release|Any CPU
		{8D8428EA-4270-493D-A968-D6F94F99CC00}.Release|Any CPU.Build.0 = Release|Any CPU
		{E6255821-7BC4-4617-AC16-A620A51C9962}.Debug|Any CPU.ActiveCfg = Debug|Any CPU
		{E6255821-7BC4-4617-AC16-A620A51C9962}.Debug|Any CPU.Build.0 = Debug|Any CPU
		{E6255821-7BC4-4617-AC16-A620A51C9962}.Release|Any CPU.ActiveCfg = Release|Any CPU
		{E6255821-7BC4-4617-AC16-A620A51C9962}.Release|Any CPU.Build.0 = Release|Any CPU
		{D4DCD3D6-AE24-403E-AF10-07DF01CE436A}.Debug|Any CPU.ActiveCfg = Debug|Any CPU
		{D4DCD3D6-AE24-403E-AF10-07DF01CE436A}.Debug|Any CPU.Build.0 = Debug|Any CPU
		{D4DCD3D6-AE24-403E-AF10-07DF01CE436A}.Release|Any CPU.ActiveCfg = Release|Any CPU
		{D4DCD3D6-AE24-403E-AF10-07DF01CE436A}.Release|Any CPU.Build.0 = Release|Any CPU
		{51FAA268-396F-4226-AED8-0F08657453F6}.Debug|Any CPU.ActiveCfg = Debug|Any CPU
		{51FAA268-396F-4226-AED8-0F08657453F6}.Debug|Any CPU.Build.0 = Debug|Any CPU
		{51FAA268-396F-4226-AED8-0F08657453F6}.Release|Any CPU.ActiveCfg = Release|Any CPU
		{51FAA268-396F-4226-AED8-0F08657453F6}.Release|Any CPU.Build.0 = Release|Any CPU
		{0EEB8628-5540-409E-A701-1FBC218FE3ED}.Debug|Any CPU.ActiveCfg = Debug|Any CPU
		{0EEB8628-5540-409E-A701-1FBC218FE3ED}.Debug|Any CPU.Build.0 = Debug|Any CPU
		{0EEB8628-5540-409E-A701-1FBC218FE3ED}.Release|Any CPU.ActiveCfg = Release|Any CPU
		{0EEB8628-5540-409E-A701-1FBC218FE3ED}.Release|Any CPU.Build.0 = Release|Any CPU
	EndGlobalSection
	GlobalSection(SolutionProperties) = preSolution
		HideSolutionNode = FALSE
	EndGlobalSection
EndGlobal
