
Microsoft Visual Studio Solution File, Format Version 10.00
# Visual Studio 2008
Project("{FAE04EC0-301F-11D3-BF4B-00C04F79EFBC}") = "TFS", "TFS\TFS.csproj", "{51FAA268-396F-4226-AED8-0F08657453F6}"
EndProject
Global
	GlobalSection(TeamFoundationVersionControl) = preSolution
		SccNumberOfProjects = 2
		SccEnterpriseProvider = {4CA58AB2-18FA-4F8D-95D4-32DDF27D184C}
		SccTeamFoundationServer = https://tfs08.codeplex.com/
		SccLocalPath0 = .
		SccProjectUniqueName1 = TFS\\TFS.csproj
		SccProjectName1 = TFS
		SccLocalPath1 = TFS
	EndGlobalSection
	GlobalSection(SolutionConfigurationPlatforms) = preSolution
		Debug|Any CPU = Debug|Any CPU
		Release|Any CPU = Release|Any CPU
	EndGlobalSection
	GlobalSection(ProjectConfigurationPlatforms) = postSolution
		{51FAA268-396F-4226-AED8-0F08657453F6}.Debug|Any CPU.ActiveCfg = Debug|Any CPU
		{51FAA268-396F-4226-AED8-0F08657453F6}.Debug|Any CPU.Build.0 = Debug|Any CPU
		{51FAA268-396F-4226-AED8-0F08657453F6}.Release|Any CPU.ActiveCfg = Release|Any CPU
		{51FAA268-396F-4226-AED8-0F08657453F6}.Release|Any CPU.Build.0 = Release|Any CPU
	EndGlobalSection
	GlobalSection(SolutionProperties) = preSolution
		HideSolutionNode = FALSE
	EndGlobalSection
EndGlobal
